// !$*UTF8*$!
{
	archiveVersion = 1;
	classes = {
	};
	objectVersion = 51;
	objects = {

/* Begin PBXBuildFile section */
		2C66B188244C9A2A009756E5 /* TasksViewController.swift in Sources */ = {isa = PBXBuildFile; fileRef = 2C66B187244C9A2A009756E5 /* TasksViewController.swift */; };
		2C6D3E7B244B578200266DE6 /* AppDelegate.swift in Sources */ = {isa = PBXBuildFile; fileRef = 2C6D3E7A244B578200266DE6 /* AppDelegate.swift */; };
		2C6D3E7D244B578200266DE6 /* SceneDelegate.swift in Sources */ = {isa = PBXBuildFile; fileRef = 2C6D3E7C244B578200266DE6 /* SceneDelegate.swift */; };
		2C6D3E7F244B578200266DE6 /* LoginViewController.swift in Sources */ = {isa = PBXBuildFile; fileRef = 2C6D3E7E244B578200266DE6 /* LoginViewController.swift */; };
		2C6D3E82244B578300266DE6 /* Main.storyboard in Resources */ = {isa = PBXBuildFile; fileRef = 2C6D3E80244B578300266DE6 /* Main.storyboard */; };
		2C6D3E84244B578600266DE6 /* Assets.xcassets in Resources */ = {isa = PBXBuildFile; fileRef = 2C6D3E83244B578600266DE6 /* Assets.xcassets */; };
		2C6D3E87244B578600266DE6 /* LaunchScreen.storyboard in Resources */ = {isa = PBXBuildFile; fileRef = 2C6D3E85244B578600266DE6 /* LaunchScreen.storyboard */; };
		2C71FA00244DDF5C00A36F1D /* Task.swift in Sources */ = {isa = PBXBuildFile; fileRef = 2C71F9FF244DDF5B00A36F1D /* Task.swift */; };
		2C71FA02244DDF8100A36F1D /* User.swift in Sources */ = {isa = PBXBuildFile; fileRef = 2C71FA01244DDF8100A36F1D /* User.swift */; };
		2C995520244CAEB30068A2AE /* GoogleService-Info.plist in Resources */ = {isa = PBXBuildFile; fileRef = 2C99551F244CAEB30068A2AE /* GoogleService-Info.plist */; };
		AA2AD370B3E93E2F096EF433 /* Pods_FireBasApp.framework in Frameworks */ = {isa = PBXBuildFile; fileRef = 05CFD958BC017C3243A5CE70 /* Pods_FireBasApp.framework */; };
/* End PBXBuildFile section */

/* Begin PBXFileReference section */
		05CFD958BC017C3243A5CE70 /* Pods_FireBasApp.framework */ = {isa = PBXFileReference; explicitFileType = wrapper.framework; includeInIndex = 0; path = Pods_FireBasApp.framework; sourceTree = BUILT_PRODUCTS_DIR; };
		097DA5E6BC42507255201C11 /* Pods-FireBasApp.debug.xcconfig */ = {isa = PBXFileReference; includeInIndex = 1; lastKnownFileType = text.xcconfig; name = "Pods-FireBasApp.debug.xcconfig"; path = "Target Support Files/Pods-FireBasApp/Pods-FireBasApp.debug.xcconfig"; sourceTree = "<group>"; };
		2C66B187244C9A2A009756E5 /* TasksViewController.swift */ = {isa = PBXFileReference; lastKnownFileType = sourcecode.swift; path = TasksViewController.swift; sourceTree = "<group>"; };
		2C6D3E77244B578200266DE6 /* FireBasApp.app */ = {isa = PBXFileReference; explicitFileType = wrapper.application; includeInIndex = 0; path = FireBasApp.app; sourceTree = BUILT_PRODUCTS_DIR; };
		2C6D3E7A244B578200266DE6 /* AppDelegate.swift */ = {isa = PBXFileReference; lastKnownFileType = sourcecode.swift; path = AppDelegate.swift; sourceTree = "<group>"; };
		2C6D3E7C244B578200266DE6 /* SceneDelegate.swift */ = {isa = PBXFileReference; lastKnownFileType = sourcecode.swift; path = SceneDelegate.swift; sourceTree = "<group>"; };
		2C6D3E7E244B578200266DE6 /* LoginViewController.swift */ = {isa = PBXFileReference; lastKnownFileType = sourcecode.swift; path = LoginViewController.swift; sourceTree = "<group>"; };
		2C6D3E81244B578300266DE6 /* Base */ = {isa = PBXFileReference; lastKnownFileType = file.storyboard; name = Base; path = Base.lproj/Main.storyboard; sourceTree = "<group>"; };
		2C6D3E83244B578600266DE6 /* Assets.xcassets */ = {isa = PBXFileReference; lastKnownFileType = folder.assetcatalog; path = Assets.xcassets; sourceTree = "<group>"; };
		2C6D3E86244B578600266DE6 /* Base */ = {isa = PBXFileReference; lastKnownFileType = file.storyboard; name = Base; path = Base.lproj/LaunchScreen.storyboard; sourceTree = "<group>"; };
		2C6D3E88244B578600266DE6 /* Info.plist */ = {isa = PBXFileReference; lastKnownFileType = text.plist.xml; path = Info.plist; sourceTree = "<group>"; };
		2C71F9FF244DDF5B00A36F1D /* Task.swift */ = {isa = PBXFileReference; lastKnownFileType = sourcecode.swift; path = Task.swift; sourceTree = "<group>"; };
		2C71FA01244DDF8100A36F1D /* User.swift */ = {isa = PBXFileReference; lastKnownFileType = sourcecode.swift; path = User.swift; sourceTree = "<group>"; };
		2C99551F244CAEB30068A2AE /* GoogleService-Info.plist */ = {isa = PBXFileReference; fileEncoding = 4; lastKnownFileType = text.plist.xml; path = "GoogleService-Info.plist"; sourceTree = "<group>"; };
		792546822CC91E5F331AE157 /* Pods-FireBasApp.release.xcconfig */ = {isa = PBXFileReference; includeInIndex = 1; lastKnownFileType = text.xcconfig; name = "Pods-FireBasApp.release.xcconfig"; path = "Target Support Files/Pods-FireBasApp/Pods-FireBasApp.release.xcconfig"; sourceTree = "<group>"; };
/* End PBXFileReference section */

/* Begin PBXFrameworksBuildPhase section */
		2C6D3E74244B578200266DE6 /* Frameworks */ = {
			isa = PBXFrameworksBuildPhase;
			buildActionMask = 2147483647;
			files = (
				AA2AD370B3E93E2F096EF433 /* Pods_FireBasApp.framework in Frameworks */,
			);
			runOnlyForDeploymentPostprocessing = 0;
		};
/* End PBXFrameworksBuildPhase section */

/* Begin PBXGroup section */
		2C66B189244C9A5D009756E5 /* Supporting files */ = {
			isa = PBXGroup;
			children = (
				2C6D3E7A244B578200266DE6 /* AppDelegate.swift */,
				2C6D3E7C244B578200266DE6 /* SceneDelegate.swift */,
				2C6D3E80244B578300266DE6 /* Main.storyboard */,
				2C6D3E83244B578600266DE6 /* Assets.xcassets */,
				2C6D3E85244B578600266DE6 /* LaunchScreen.storyboard */,
			);
			path = "Supporting files";
			sourceTree = "<group>";
		};
		2C66B18A244C9A80009756E5 /* Controllers */ = {
			isa = PBXGroup;
			children = (
				2C6D3E7E244B578200266DE6 /* LoginViewController.swift */,
				2C66B187244C9A2A009756E5 /* TasksViewController.swift */,
			);
			path = Controllers;
			sourceTree = "<group>";
		};
		2C6D3E6E244B578200266DE6 = {
			isa = PBXGroup;
			children = (
				2C6D3E79244B578200266DE6 /* FireBasApp */,
				2C6D3E78244B578200266DE6 /* Products */,
				5F42B4311728C935B34638D0 /* Pods */,
				C4AE05121CEF6ACB2A5DD2A2 /* Frameworks */,
			);
			sourceTree = "<group>";
		};
		2C6D3E78244B578200266DE6 /* Products */ = {
			isa = PBXGroup;
			children = (
				2C6D3E77244B578200266DE6 /* FireBasApp.app */,
			);
			name = Products;
			sourceTree = "<group>";
		};
		2C6D3E79244B578200266DE6 /* FireBasApp */ = {
			isa = PBXGroup;
			children = (
				2C71FA03244DDF8A00A36F1D /* Model */,
				2C66B18A244C9A80009756E5 /* Controllers */,
				2C66B189244C9A5D009756E5 /* Supporting files */,
				2C6D3E88244B578600266DE6 /* Info.plist */,
				2C99551F244CAEB30068A2AE /* GoogleService-Info.plist */,
			);
			path = FireBasApp;
			sourceTree = "<group>";
		};
		2C71FA03244DDF8A00A36F1D /* Model */ = {
			isa = PBXGroup;
			children = (
				2C71F9FF244DDF5B00A36F1D /* Task.swift */,
				2C71FA01244DDF8100A36F1D /* User.swift */,
			);
			path = Model;
			sourceTree = "<group>";
		};
		5F42B4311728C935B34638D0 /* Pods */ = {
			isa = PBXGroup;
			children = (
				097DA5E6BC42507255201C11 /* Pods-FireBasApp.debug.xcconfig */,
				792546822CC91E5F331AE157 /* Pods-FireBasApp.release.xcconfig */,
			);
			path = Pods;
			sourceTree = "<group>";
		};
		C4AE05121CEF6ACB2A5DD2A2 /* Frameworks */ = {
			isa = PBXGroup;
			children = (
				05CFD958BC017C3243A5CE70 /* Pods_FireBasApp.framework */,
			);
			name = Frameworks;
			sourceTree = "<group>";
		};
/* End PBXGroup section */

/* Begin PBXNativeTarget section */
		2C6D3E76244B578200266DE6 /* FireBasApp */ = {
			isa = PBXNativeTarget;
			buildConfigurationList = 2C6D3E8B244B578600266DE6 /* Build configuration list for PBXNativeTarget "FireBasApp" */;
			buildPhases = (
				D84AC5654F5EF7CEE03652E3 /* [CP] Check Pods Manifest.lock */,
				2C6D3E73244B578200266DE6 /* Sources */,
				2C6D3E74244B578200266DE6 /* Frameworks */,
				2C6D3E75244B578200266DE6 /* Resources */,
				395DFDD0F344B9169CEBB849 /* [CP] Embed Pods Frameworks */,
			);
			buildRules = (
			);
			dependencies = (
			);
			name = FireBasApp;
			productName = FireBasApp;
			productReference = 2C6D3E77244B578200266DE6 /* FireBasApp.app */;
			productType = "com.apple.product-type.application";
		};
/* End PBXNativeTarget section */

/* Begin PBXProject section */
		2C6D3E6F244B578200266DE6 /* Project object */ = {
			isa = PBXProject;
			attributes = {
				LastSwiftUpdateCheck = 1140;
				LastUpgradeCheck = 1140;
				ORGANIZATIONNAME = "Павел Алешин";
				TargetAttributes = {
					2C6D3E76244B578200266DE6 = {
						CreatedOnToolsVersion = 11.4.1;
					};
				};
			};
			buildConfigurationList = 2C6D3E72244B578200266DE6 /* Build configuration list for PBXProject "FireBasApp" */;
			compatibilityVersion = "Xcode 9.3";
			developmentRegion = en;
			hasScannedForEncodings = 0;
			knownRegions = (
				en,
				Base,
			);
			mainGroup = 2C6D3E6E244B578200266DE6;
			productRefGroup = 2C6D3E78244B578200266DE6 /* Products */;
			projectDirPath = "";
			projectRoot = "";
			targets = (
				2C6D3E76244B578200266DE6 /* FireBasApp */,
			);
		};
/* End PBXProject section */

/* Begin PBXResourcesBuildPhase section */
		2C6D3E75244B578200266DE6 /* Resources */ = {
			isa = PBXResourcesBuildPhase;
			buildActionMask = 2147483647;
			files = (
				2C6D3E87244B578600266DE6 /* LaunchScreen.storyboard in Resources */,
				2C995520244CAEB30068A2AE /* GoogleService-Info.plist in Resources */,
				2C6D3E84244B578600266DE6 /* Assets.xcassets in Resources */,
				2C6D3E82244B578300266DE6 /* Main.storyboard in Resources */,
			);
			runOnlyForDeploymentPostprocessing = 0;
		};
/* End PBXResourcesBuildPhase section */

/* Begin PBXShellScriptBuildPhase section */
		395DFDD0F344B9169CEBB849 /* [CP] Embed Pods Frameworks */ = {
			isa = PBXShellScriptBuildPhase;
			buildActionMask = 2147483647;
			files = (
			);
			inputFileListPaths = (
				"${PODS_ROOT}/Target Support Files/Pods-FireBasApp/Pods-FireBasApp-frameworks-${CONFIGURATION}-input-files.xcfilelist",
			);
			name = "[CP] Embed Pods Frameworks";
			outputFileListPaths = (
				"${PODS_ROOT}/Target Support Files/Pods-FireBasApp/Pods-FireBasApp-frameworks-${CONFIGURATION}-output-files.xcfilelist",
			);
			runOnlyForDeploymentPostprocessing = 0;
			shellPath = /bin/sh;
			shellScript = "\"${PODS_ROOT}/Target Support Files/Pods-FireBasApp/Pods-FireBasApp-frameworks.sh\"\n";
			showEnvVarsInLog = 0;
		};
		D84AC5654F5EF7CEE03652E3 /* [CP] Check Pods Manifest.lock */ = {
			isa = PBXShellScriptBuildPhase;
			buildActionMask = 2147483647;
			files = (
			);
			inputFileListPaths = (
			);
			inputPaths = (
				"${PODS_PODFILE_DIR_PATH}/Podfile.lock",
				"${PODS_ROOT}/Manifest.lock",
			);
			name = "[CP] Check Pods Manifest.lock";
			outputFileListPaths = (
			);
			outputPaths = (
				"$(DERIVED_FILE_DIR)/Pods-FireBasApp-checkManifestLockResult.txt",
			);
			runOnlyForDeploymentPostprocessing = 0;
			shellPath = /bin/sh;
			shellScript = "diff \"${PODS_PODFILE_DIR_PATH}/Podfile.lock\" \"${PODS_ROOT}/Manifest.lock\" > /dev/null\nif [ $? != 0 ] ; then\n    # print error to STDERR\n    echo \"error: The sandbox is not in sync with the Podfile.lock. Run 'pod install' or update your CocoaPods installation.\" >&2\n    exit 1\nfi\n# This output is used by Xcode 'outputs' to avoid re-running this script phase.\necho \"SUCCESS\" > \"${SCRIPT_OUTPUT_FILE_0}\"\n";
			showEnvVarsInLog = 0;
		};
/* End PBXShellScriptBuildPhase section */

/* Begin PBXSourcesBuildPhase section */
		2C6D3E73244B578200266DE6 /* Sources */ = {
			isa = PBXSourcesBuildPhase;
			buildActionMask = 2147483647;
			files = (
				2C6D3E7F244B578200266DE6 /* LoginViewController.swift in Sources */,
				2C66B188244C9A2A009756E5 /* TasksViewController.swift in Sources */,
				2C71FA02244DDF8100A36F1D /* User.swift in Sources */,
				2C71FA00244DDF5C00A36F1D /* Task.swift in Sources */,
				2C6D3E7B244B578200266DE6 /* AppDelegate.swift in Sources */,
				2C6D3E7D244B578200266DE6 /* SceneDelegate.swift in Sources */,
			);
			runOnlyForDeploymentPostprocessing = 0;
		};
/* End PBXSourcesBuildPhase section */

/* Begin PBXVariantGroup section */
		2C6D3E80244B578300266DE6 /* Main.storyboard */ = {
			isa = PBXVariantGroup;
			children = (
				2C6D3E81244B578300266DE6 /* Base */,
			);
			name = Main.storyboard;
			sourceTree = "<group>";
		};
		2C6D3E85244B578600266DE6 /* LaunchScreen.storyboard */ = {
			isa = PBXVariantGroup;
			children = (
				2C6D3E86244B578600266DE6 /* Base */,
			);
			name = LaunchScreen.storyboard;
			sourceTree = "<group>";
		};
/* End PBXVariantGroup section */

/* Begin XCBuildConfiguration section */
		2C6D3E89244B578600266DE6 /* Debug */ = {
			isa = XCBuildConfiguration;
			buildSettings = {
				ALWAYS_SEARCH_USER_PATHS = NO;
				CLANG_ANALYZER_NONNULL = YES;
				CLANG_ANALYZER_NUMBER_OBJECT_CONVERSION = YES_AGGRESSIVE;
				CLANG_CXX_LANGUAGE_STANDARD = "gnu++14";
				CLANG_CXX_LIBRARY = "libc++";
				CLANG_ENABLE_MODULES = YES;
				CLANG_ENABLE_OBJC_ARC = YES;
				CLANG_ENABLE_OBJC_WEAK = YES;
				CLANG_WARN_BLOCK_CAPTURE_AUTORELEASING = YES;
				CLANG_WARN_BOOL_CONVERSION = YES;
				CLANG_WARN_COMMA = YES;
				CLANG_WARN_CONSTANT_CONVERSION = YES;
				CLANG_WARN_DEPRECATED_OBJC_IMPLEMENTATIONS = YES;
				CLANG_WARN_DIRECT_OBJC_ISA_USAGE = YES_ERROR;
				CLANG_WARN_DOCUMENTATION_COMMENTS = YES;
				CLANG_WARN_EMPTY_BODY = YES;
				CLANG_WARN_ENUM_CONVERSION = YES;
				CLANG_WARN_INFINITE_RECURSION = YES;
				CLANG_WARN_INT_CONVERSION = YES;
				CLANG_WARN_NON_LITERAL_NULL_CONVERSION = YES;
				CLANG_WARN_OBJC_IMPLICIT_RETAIN_SELF = YES;
				CLANG_WARN_OBJC_LITERAL_CONVERSION = YES;
				CLANG_WARN_OBJC_ROOT_CLASS = YES_ERROR;
				CLANG_WARN_RANGE_LOOP_ANALYSIS = YES;
				CLANG_WARN_STRICT_PROTOTYPES = YES;
				CLANG_WARN_SUSPICIOUS_MOVE = YES;
				CLANG_WARN_UNGUARDED_AVAILABILITY = YES_AGGRESSIVE;
				CLANG_WARN_UNREACHABLE_CODE = YES;
				CLANG_WARN__DUPLICATE_METHOD_MATCH = YES;
				COPY_PHASE_STRIP = NO;
				DEBUG_INFORMATION_FORMAT = dwarf;
				ENABLE_STRICT_OBJC_MSGSEND = YES;
				ENABLE_TESTABILITY = YES;
				GCC_C_LANGUAGE_STANDARD = gnu11;
				GCC_DYNAMIC_NO_PIC = NO;
				GCC_NO_COMMON_BLOCKS = YES;
				GCC_OPTIMIZATION_LEVEL = 0;
				GCC_PREPROCESSOR_DEFINITIONS = (
					"DEBUG=1",
					"$(inherited)",
				);
				GCC_WARN_64_TO_32_BIT_CONVERSION = YES;
				GCC_WARN_ABOUT_RETURN_TYPE = YES_ERROR;
				GCC_WARN_UNDECLARED_SELECTOR = YES;
				GCC_WARN_UNINITIALIZED_AUTOS = YES_AGGRESSIVE;
				GCC_WARN_UNUSED_FUNCTION = YES;
				GCC_WARN_UNUSED_VARIABLE = YES;
				IPHONEOS_DEPLOYMENT_TARGET = 13.4;
				MTL_ENABLE_DEBUG_INFO = INCLUDE_SOURCE;
				MTL_FAST_MATH = YES;
				ONLY_ACTIVE_ARCH = YES;
				SDKROOT = iphoneos;
				SWIFT_ACTIVE_COMPILATION_CONDITIONS = DEBUG;
				SWIFT_OPTIMIZATION_LEVEL = "-Onone";
			};
			name = Debug;
		};
		2C6D3E8A244B578600266DE6 /* Release */ = {
			isa = XCBuildConfiguration;
			buildSettings = {
				ALWAYS_SEARCH_USER_PATHS = NO;
				CLANG_ANALYZER_NONNULL = YES;
				CLANG_ANALYZER_NUMBER_OBJECT_CONVERSION = YES_AGGRESSIVE;
				CLANG_CXX_LANGUAGE_STANDARD = "gnu++14";
				CLANG_CXX_LIBRARY = "libc++";
				CLANG_ENABLE_MODULES = YES;
				CLANG_ENABLE_OBJC_ARC = YES;
				CLANG_ENABLE_OBJC_WEAK = YES;
				CLANG_WARN_BLOCK_CAPTURE_AUTORELEASING = YES;
				CLANG_WARN_BOOL_CONVERSION = YES;
				CLANG_WARN_COMMA = YES;
				CLANG_WARN_CONSTANT_CONVERSION = YES;
				CLANG_WARN_DEPRECATED_OBJC_IMPLEMENTATIONS = YES;
				CLANG_WARN_DIRECT_OBJC_ISA_USAGE = YES_ERROR;
				CLANG_WARN_DOCUMENTATION_COMMENTS = YES;
				CLANG_WARN_EMPTY_BODY = YES;
				CLANG_WARN_ENUM_CONVERSION = YES;
				CLANG_WARN_INFINITE_RECURSION = YES;
				CLANG_WARN_INT_CONVERSION = YES;
				CLANG_WARN_NON_LITERAL_NULL_CONVERSION = YES;
				CLANG_WARN_OBJC_IMPLICIT_RETAIN_SELF = YES;
				CLANG_WARN_OBJC_LITERAL_CONVERSION = YES;
				CLANG_WARN_OBJC_ROOT_CLASS = YES_ERROR;
				CLANG_WARN_RANGE_LOOP_ANALYSIS = YES;
				CLANG_WARN_STRICT_PROTOTYPES = YES;
				CLANG_WARN_SUSPICIOUS_MOVE = YES;
				CLANG_WARN_UNGUARDED_AVAILABILITY = YES_AGGRESSIVE;
				CLANG_WARN_UNREACHABLE_CODE = YES;
				CLANG_WARN__DUPLICATE_METHOD_MATCH = YES;
				COPY_PHASE_STRIP = NO;
				DEBUG_INFORMATION_FORMAT = "dwarf-with-dsym";
				ENABLE_NS_ASSERTIONS = NO;
				ENABLE_STRICT_OBJC_MSGSEND = YES;
				GCC_C_LANGUAGE_STANDARD = gnu11;
				GCC_NO_COMMON_BLOCKS = YES;
				GCC_WARN_64_TO_32_BIT_CONVERSION = YES;
				GCC_WARN_ABOUT_RETURN_TYPE = YES_ERROR;
				GCC_WARN_UNDECLARED_SELECTOR = YES;
				GCC_WARN_UNINITIALIZED_AUTOS = YES_AGGRESSIVE;
				GCC_WARN_UNUSED_FUNCTION = YES;
				GCC_WARN_UNUSED_VARIABLE = YES;
				IPHONEOS_DEPLOYMENT_TARGET = 13.4;
				MTL_ENABLE_DEBUG_INFO = NO;
				MTL_FAST_MATH = YES;
				SDKROOT = iphoneos;
				SWIFT_COMPILATION_MODE = wholemodule;
				SWIFT_OPTIMIZATION_LEVEL = "-O";
				VALIDATE_PRODUCT = YES;
			};
			name = Release;
		};
		2C6D3E8C244B578600266DE6 /* Debug */ = {
			isa = XCBuildConfiguration;
			baseConfigurationReference = 097DA5E6BC42507255201C11 /* Pods-FireBasApp.debug.xcconfig */;
			buildSettings = {
				ASSETCATALOG_COMPILER_APPICON_NAME = AppIcon;
				CODE_SIGN_STYLE = Automatic;
				INFOPLIST_FILE = FireBasApp/Info.plist;
				LD_RUNPATH_SEARCH_PATHS = (
					"$(inherited)",
					"@executable_path/Frameworks",
				);
				PRODUCT_BUNDLE_IDENTIFIER = pTeam.FireBasApp;
				PRODUCT_NAME = "$(TARGET_NAME)";
				SWIFT_VERSION = 5.0;
				TARGETED_DEVICE_FAMILY = "1,2";
			};
			name = Debug;
		};
		2C6D3E8D244B578600266DE6 /* Release */ = {
			isa = XCBuildConfiguration;
			baseConfigurationReference = 792546822CC91E5F331AE157 /* Pods-FireBasApp.release.xcconfig */;
			buildSettings = {
				ASSETCATALOG_COMPILER_APPICON_NAME = AppIcon;
				CODE_SIGN_STYLE = Automatic;
				INFOPLIST_FILE = FireBasApp/Info.plist;
				LD_RUNPATH_SEARCH_PATHS = (
					"$(inherited)",
					"@executable_path/Frameworks",
				);
				PRODUCT_BUNDLE_IDENTIFIER = pTeam.FireBasApp;
				PRODUCT_NAME = "$(TARGET_NAME)";
				SWIFT_VERSION = 5.0;
				TARGETED_DEVICE_FAMILY = "1,2";
			};
			name = Release;
		};
/* End XCBuildConfiguration section */

/* Begin XCConfigurationList section */
		2C6D3E72244B578200266DE6 /* Build configuration list for PBXProject "FireBasApp" */ = {
			isa = XCConfigurationList;
			buildConfigurations = (
				2C6D3E89244B578600266DE6 /* Debug */,
				2C6D3E8A244B578600266DE6 /* Release */,
			);
			defaultConfigurationIsVisible = 0;
			defaultConfigurationName = Release;
		};
		2C6D3E8B244B578600266DE6 /* Build configuration list for PBXNativeTarget "FireBasApp" */ = {
			isa = XCConfigurationList;
			buildConfigurations = (
				2C6D3E8C244B578600266DE6 /* Debug */,
				2C6D3E8D244B578600266DE6 /* Release */,
			);
			defaultConfigurationIsVisible = 0;
			defaultConfigurationName = Release;
		};
/* End XCConfigurationList section */
	};
	rootObject = 2C6D3E6F244B578200266DE6 /* Project object */;
}
