// !$*UTF8*$!
{
	archiveVersion = 1;
	classes = {
	};
	objectVersion = 50;
	objects = {

/* Begin PBXBuildFile section */
		2C2FBC852404068600BACABD /* AppDelegate.swift in Sources */ = {isa = PBXBuildFile; fileRef = 2C2FBC842404068600BACABD /* AppDelegate.swift */; };
		2C2FBC872404068600BACABD /* SceneDelegate.swift in Sources */ = {isa = PBXBuildFile; fileRef = 2C2FBC862404068600BACABD /* SceneDelegate.swift */; };
		2C2FBC892404068600BACABD /* ViewController.swift in Sources */ = {isa = PBXBuildFile; fileRef = 2C2FBC882404068600BACABD /* ViewController.swift */; };
		2C2FBC8C2404068600BACABD /* Main.storyboard in Resources */ = {isa = PBXBuildFile; fileRef = 2C2FBC8A2404068600BACABD /* Main.storyboard */; };
		2C2FBC8E2404068D00BACABD /* Assets.xcassets in Resources */ = {isa = PBXBuildFile; fileRef = 2C2FBC8D2404068D00BACABD /* Assets.xcassets */; };
		2C2FBC912404068D00BACABD /* LaunchScreen.storyboard in Resources */ = {isa = PBXBuildFile; fileRef = 2C2FBC8F2404068D00BACABD /* LaunchScreen.storyboard */; };
		2CF76C3024041BA9004FA49E /* VKSdkFramework.framework in Frameworks */ = {isa = PBXBuildFile; fileRef = 2CF76C2F24041BA9004FA49E /* VKSdkFramework.framework */; };
		2CF76C3124041BA9004FA49E /* VKSdkFramework.framework in Embed Frameworks */ = {isa = PBXBuildFile; fileRef = 2CF76C2F24041BA9004FA49E /* VKSdkFramework.framework */; settings = {ATTRIBUTES = (CodeSignOnCopy, RemoveHeadersOnCopy, ); }; };
/* End PBXBuildFile section */

/* Begin PBXCopyFilesBuildPhase section */
		2CF76C3224041BA9004FA49E /* Embed Frameworks */ = {
			isa = PBXCopyFilesBuildPhase;
			buildActionMask = 2147483647;
			dstPath = "";
			dstSubfolderSpec = 10;
			files = (
				2CF76C3124041BA9004FA49E /* VKSdkFramework.framework in Embed Frameworks */,
			);
			name = "Embed Frameworks";
			runOnlyForDeploymentPostprocessing = 0;
		};
/* End PBXCopyFilesBuildPhase section */

/* Begin PBXFileReference section */
		2C2FBC812404068600BACABD /* pteamFeed.app */ = {isa = PBXFileReference; explicitFileType = wrapper.application; includeInIndex = 0; path = pteamFeed.app; sourceTree = BUILT_PRODUCTS_DIR; };
		2C2FBC842404068600BACABD /* AppDelegate.swift */ = {isa = PBXFileReference; lastKnownFileType = sourcecode.swift; path = AppDelegate.swift; sourceTree = "<group>"; };
		2C2FBC862404068600BACABD /* SceneDelegate.swift */ = {isa = PBXFileReference; lastKnownFileType = sourcecode.swift; path = SceneDelegate.swift; sourceTree = "<group>"; };
		2C2FBC882404068600BACABD /* ViewController.swift */ = {isa = PBXFileReference; lastKnownFileType = sourcecode.swift; path = ViewController.swift; sourceTree = "<group>"; };
		2C2FBC8B2404068600BACABD /* Base */ = {isa = PBXFileReference; lastKnownFileType = file.storyboard; name = Base; path = Base.lproj/Main.storyboard; sourceTree = "<group>"; };
		2C2FBC8D2404068D00BACABD /* Assets.xcassets */ = {isa = PBXFileReference; lastKnownFileType = folder.assetcatalog; path = Assets.xcassets; sourceTree = "<group>"; };
		2C2FBC902404068D00BACABD /* Base */ = {isa = PBXFileReference; lastKnownFileType = file.storyboard; name = Base; path = Base.lproj/LaunchScreen.storyboard; sourceTree = "<group>"; };
		2C2FBC922404068D00BACABD /* Info.plist */ = {isa = PBXFileReference; lastKnownFileType = text.plist.xml; path = Info.plist; sourceTree = "<group>"; };
		2C2FBC9924040EAB00BACABD /* VKSdkResources.bundle */ = {isa = PBXFileReference; lastKnownFileType = "wrapper.plug-in"; name = VKSdkResources.bundle; path = "Carthage/Checkouts/vk-ios-sdk/VKSdkResources.bundle"; sourceTree = "<group>"; };
		2CF76C2F24041BA9004FA49E /* VKSdkFramework.framework */ = {isa = PBXFileReference; lastKnownFileType = wrapper.framework; name = VKSdkFramework.framework; path = Carthage/Build/iOS/VKSdkFramework.framework; sourceTree = "<group>"; };
/* End PBXFileReference section */

/* Begin PBXFrameworksBuildPhase section */
		2C2FBC7E2404068600BACABD /* Frameworks */ = {
			isa = PBXFrameworksBuildPhase;
			buildActionMask = 2147483647;
			files = (
				2CF76C3024041BA9004FA49E /* VKSdkFramework.framework in Frameworks */,
			);
			runOnlyForDeploymentPostprocessing = 0;
		};
/* End PBXFrameworksBuildPhase section */

/* Begin PBXGroup section */
		2C2FBC782404068600BACABD = {
			isa = PBXGroup;
			children = (
				2C2FBC832404068600BACABD /* pteamFeed */,
				2C2FBC822404068600BACABD /* Products */,
				2C2FBC9824040EAB00BACABD /* Frameworks */,
			);
			sourceTree = "<group>";
		};
		2C2FBC822404068600BACABD /* Products */ = {
			isa = PBXGroup;
			children = (
				2C2FBC812404068600BACABD /* pteamFeed.app */,
			);
			name = Products;
			sourceTree = "<group>";
		};
		2C2FBC832404068600BACABD /* pteamFeed */ = {
			isa = PBXGroup;
			children = (
				2C2FBC842404068600BACABD /* AppDelegate.swift */,
				2C2FBC862404068600BACABD /* SceneDelegate.swift */,
				2C2FBC882404068600BACABD /* ViewController.swift */,
				2C2FBC8A2404068600BACABD /* Main.storyboard */,
				2C2FBC8D2404068D00BACABD /* Assets.xcassets */,
				2C2FBC8F2404068D00BACABD /* LaunchScreen.storyboard */,
				2C2FBC922404068D00BACABD /* Info.plist */,
			);
			path = pteamFeed;
			sourceTree = "<group>";
		};
		2C2FBC9824040EAB00BACABD /* Frameworks */ = {
			isa = PBXGroup;
			children = (
				2CF76C2F24041BA9004FA49E /* VKSdkFramework.framework */,
				2C2FBC9924040EAB00BACABD /* VKSdkResources.bundle */,
			);
			name = Frameworks;
			sourceTree = "<group>";
		};
/* End PBXGroup section */

/* Begin PBXNativeTarget section */
		2C2FBC802404068600BACABD /* pteamFeed */ = {
			isa = PBXNativeTarget;
			buildConfigurationList = 2C2FBC952404068D00BACABD /* Build configuration list for PBXNativeTarget "pteamFeed" */;
			buildPhases = (
				2C2FBC7D2404068600BACABD /* Sources */,
				2C2FBC7E2404068600BACABD /* Frameworks */,
				2C2FBC7F2404068600BACABD /* Resources */,
				2C2FBC9C24040EE300BACABD /* ShellScript */,
				2CF76C3224041BA9004FA49E /* Embed Frameworks */,
			);
			buildRules = (
			);
			dependencies = (
			);
			name = pteamFeed;
			productName = pteamFeed;
			productReference = 2C2FBC812404068600BACABD /* pteamFeed.app */;
			productType = "com.apple.product-type.application";
		};
/* End PBXNativeTarget section */

/* Begin PBXProject section */
		2C2FBC792404068600BACABD /* Project object */ = {
			isa = PBXProject;
			attributes = {
				LastSwiftUpdateCheck = 1130;
				LastUpgradeCheck = 1130;
				ORGANIZATIONNAME = "Павел Алешин";
				TargetAttributes = {
					2C2FBC802404068600BACABD = {
						CreatedOnToolsVersion = 11.3.1;
					};
				};
			};
			buildConfigurationList = 2C2FBC7C2404068600BACABD /* Build configuration list for PBXProject "pteamFeed" */;
			compatibilityVersion = "Xcode 9.3";
			developmentRegion = en;
			hasScannedForEncodings = 0;
			knownRegions = (
				en,
				Base,
			);
			mainGroup = 2C2FBC782404068600BACABD;
			productRefGroup = 2C2FBC822404068600BACABD /* Products */;
			projectDirPath = "";
			projectRoot = "";
			targets = (
				2C2FBC802404068600BACABD /* pteamFeed */,
			);
		};
/* End PBXProject section */

/* Begin PBXResourcesBuildPhase section */
		2C2FBC7F2404068600BACABD /* Resources */ = {
			isa = PBXResourcesBuildPhase;
			buildActionMask = 2147483647;
			files = (
				2C2FBC912404068D00BACABD /* LaunchScreen.storyboard in Resources */,
				2C2FBC8E2404068D00BACABD /* Assets.xcassets in Resources */,
				2C2FBC8C2404068600BACABD /* Main.storyboard in Resources */,
			);
			runOnlyForDeploymentPostprocessing = 0;
		};
/* End PBXResourcesBuildPhase section */

/* Begin PBXShellScriptBuildPhase section */
		2C2FBC9C24040EE300BACABD /* ShellScript */ = {
			isa = PBXShellScriptBuildPhase;
			buildActionMask = 2147483647;
			files = (
			);
			inputFileListPaths = (
			);
			inputPaths = (
				"$(SRCROOT)/Carthage/Build/iOS/VKSdkFramework.framework",
			);
			outputFileListPaths = (
			);
			outputPaths = (
			);
			runOnlyForDeploymentPostprocessing = 0;
			shellPath = /bin/sh;
			shellScript = "/usr/local/bin/carthage copy-frameworks\n";
		};
/* End PBXShellScriptBuildPhase section */

/* Begin PBXSourcesBuildPhase section */
		2C2FBC7D2404068600BACABD /* Sources */ = {
			isa = PBXSourcesBuildPhase;
			buildActionMask = 2147483647;
			files = (
				2C2FBC892404068600BACABD /* ViewController.swift in Sources */,
				2C2FBC852404068600BACABD /* AppDelegate.swift in Sources */,
				2C2FBC872404068600BACABD /* SceneDelegate.swift in Sources */,
			);
			runOnlyForDeploymentPostprocessing = 0;
		};
/* End PBXSourcesBuildPhase section */

/* Begin PBXVariantGroup section */
		2C2FBC8A2404068600BACABD /* Main.storyboard */ = {
			isa = PBXVariantGroup;
			children = (
				2C2FBC8B2404068600BACABD /* Base */,
			);
			name = Main.storyboard;
			sourceTree = "<group>";
		};
		2C2FBC8F2404068D00BACABD /* LaunchScreen.storyboard */ = {
			isa = PBXVariantGroup;
			children = (
				2C2FBC902404068D00BACABD /* Base */,
			);
			name = LaunchScreen.storyboard;
			sourceTree = "<group>";
		};
/* End PBXVariantGroup section */

/* Begin XCBuildConfiguration section */
		2C2FBC932404068D00BACABD /* Debug */ = {
			isa = XCBuildConfiguration;
			buildSettings = {
				ALWAYS_SEARCH_USER_PATHS = NO;
				CLANG_ANALYZER_NONNULL = YES;
				CLANG_ANALYZER_NUMBER_OBJECT_CONVERSION = YES_AGGRESSIVE;
				CLANG_CXX_LANGUAGE_STANDARD = "gnu++14";
				CLANG_CXX_LIBRARY = "libc++";
				CLANG_ENABLE_MODULES = YES;
				CLANG_ENABLE_OBJC_ARC = YES;
				CLANG_ENABLE_OBJC_WEAK = YES;
				CLANG_WARN_BLOCK_CAPTURE_AUTORELEASING = YES;
				CLANG_WARN_BOOL_CONVERSION = YES;
				CLANG_WARN_COMMA = YES;
				CLANG_WARN_CONSTANT_CONVERSION = YES;
				CLANG_WARN_DEPRECATED_OBJC_IMPLEMENTATIONS = YES;
				CLANG_WARN_DIRECT_OBJC_ISA_USAGE = YES_ERROR;
				CLANG_WARN_DOCUMENTATION_COMMENTS = YES;
				CLANG_WARN_EMPTY_BODY = YES;
				CLANG_WARN_ENUM_CONVERSION = YES;
				CLANG_WARN_INFINITE_RECURSION = YES;
				CLANG_WARN_INT_CONVERSION = YES;
				CLANG_WARN_NON_LITERAL_NULL_CONVERSION = YES;
				CLANG_WARN_OBJC_IMPLICIT_RETAIN_SELF = YES;
				CLANG_WARN_OBJC_LITERAL_CONVERSION = YES;
				CLANG_WARN_OBJC_ROOT_CLASS = YES_ERROR;
				CLANG_WARN_RANGE_LOOP_ANALYSIS = YES;
				CLANG_WARN_STRICT_PROTOTYPES = YES;
				CLANG_WARN_SUSPICIOUS_MOVE = YES;
				CLANG_WARN_UNGUARDED_AVAILABILITY = YES_AGGRESSIVE;
				CLANG_WARN_UNREACHABLE_CODE = YES;
				CLANG_WARN__DUPLICATE_METHOD_MATCH = YES;
				COPY_PHASE_STRIP = NO;
				DEBUG_INFORMATION_FORMAT = dwarf;
				ENABLE_STRICT_OBJC_MSGSEND = YES;
				ENABLE_TESTABILITY = YES;
				GCC_C_LANGUAGE_STANDARD = gnu11;
				GCC_DYNAMIC_NO_PIC = NO;
				GCC_NO_COMMON_BLOCKS = YES;
				GCC_OPTIMIZATION_LEVEL = 0;
				GCC_PREPROCESSOR_DEFINITIONS = (
					"DEBUG=1",
					"$(inherited)",
				);
				GCC_WARN_64_TO_32_BIT_CONVERSION = YES;
				GCC_WARN_ABOUT_RETURN_TYPE = YES_ERROR;
				GCC_WARN_UNDECLARED_SELECTOR = YES;
				GCC_WARN_UNINITIALIZED_AUTOS = YES_AGGRESSIVE;
				GCC_WARN_UNUSED_FUNCTION = YES;
				GCC_WARN_UNUSED_VARIABLE = YES;
				IPHONEOS_DEPLOYMENT_TARGET = 13.2;
				MTL_ENABLE_DEBUG_INFO = INCLUDE_SOURCE;
				MTL_FAST_MATH = YES;
				ONLY_ACTIVE_ARCH = YES;
				SDKROOT = iphoneos;
				SWIFT_ACTIVE_COMPILATION_CONDITIONS = DEBUG;
				SWIFT_OPTIMIZATION_LEVEL = "-Onone";
			};
			name = Debug;
		};
		2C2FBC942404068D00BACABD /* Release */ = {
			isa = XCBuildConfiguration;
			buildSettings = {
				ALWAYS_SEARCH_USER_PATHS = NO;
				CLANG_ANALYZER_NONNULL = YES;
				CLANG_ANALYZER_NUMBER_OBJECT_CONVERSION = YES_AGGRESSIVE;
				CLANG_CXX_LANGUAGE_STANDARD = "gnu++14";
				CLANG_CXX_LIBRARY = "libc++";
				CLANG_ENABLE_MODULES = YES;
				CLANG_ENABLE_OBJC_ARC = YES;
				CLANG_ENABLE_OBJC_WEAK = YES;
				CLANG_WARN_BLOCK_CAPTURE_AUTORELEASING = YES;
				CLANG_WARN_BOOL_CONVERSION = YES;
				CLANG_WARN_COMMA = YES;
				CLANG_WARN_CONSTANT_CONVERSION = YES;
				CLANG_WARN_DEPRECATED_OBJC_IMPLEMENTATIONS = YES;
				CLANG_WARN_DIRECT_OBJC_ISA_USAGE = YES_ERROR;
				CLANG_WARN_DOCUMENTATION_COMMENTS = YES;
				CLANG_WARN_EMPTY_BODY = YES;
				CLANG_WARN_ENUM_CONVERSION = YES;
				CLANG_WARN_INFINITE_RECURSION = YES;
				CLANG_WARN_INT_CONVERSION = YES;
				CLANG_WARN_NON_LITERAL_NULL_CONVERSION = YES;
				CLANG_WARN_OBJC_IMPLICIT_RETAIN_SELF = YES;
				CLANG_WARN_OBJC_LITERAL_CONVERSION = YES;
				CLANG_WARN_OBJC_ROOT_CLASS = YES_ERROR;
				CLANG_WARN_RANGE_LOOP_ANALYSIS = YES;
				CLANG_WARN_STRICT_PROTOTYPES = YES;
				CLANG_WARN_SUSPICIOUS_MOVE = YES;
				CLANG_WARN_UNGUARDED_AVAILABILITY = YES_AGGRESSIVE;
				CLANG_WARN_UNREACHABLE_CODE = YES;
				CLANG_WARN__DUPLICATE_METHOD_MATCH = YES;
				COPY_PHASE_STRIP = NO;
				DEBUG_INFORMATION_FORMAT = "dwarf-with-dsym";
				ENABLE_NS_ASSERTIONS = NO;
				ENABLE_STRICT_OBJC_MSGSEND = YES;
				GCC_C_LANGUAGE_STANDARD = gnu11;
				GCC_NO_COMMON_BLOCKS = YES;
				GCC_WARN_64_TO_32_BIT_CONVERSION = YES;
				GCC_WARN_ABOUT_RETURN_TYPE = YES_ERROR;
				GCC_WARN_UNDECLARED_SELECTOR = YES;
				GCC_WARN_UNINITIALIZED_AUTOS = YES_AGGRESSIVE;
				GCC_WARN_UNUSED_FUNCTION = YES;
				GCC_WARN_UNUSED_VARIABLE = YES;
				IPHONEOS_DEPLOYMENT_TARGET = 13.2;
				MTL_ENABLE_DEBUG_INFO = NO;
				MTL_FAST_MATH = YES;
				SDKROOT = iphoneos;
				SWIFT_COMPILATION_MODE = wholemodule;
				SWIFT_OPTIMIZATION_LEVEL = "-O";
				VALIDATE_PRODUCT = YES;
			};
			name = Release;
		};
		2C2FBC962404068D00BACABD /* Debug */ = {
			isa = XCBuildConfiguration;
			buildSettings = {
				ASSETCATALOG_COMPILER_APPICON_NAME = AppIcon;
				CODE_SIGN_STYLE = Automatic;
				FRAMEWORK_SEARCH_PATHS = (
					"$(inherited)",
					"$(PROJECT_DIR)/Carthage/Build/iOS",
				);
				INFOPLIST_FILE = pteamFeed/Info.plist;
				LD_RUNPATH_SEARCH_PATHS = (
					"$(inherited)",
					"@executable_path/Frameworks",
				);
				PRODUCT_BUNDLE_IDENTIFIER = pTeam.pteamFeed;
				PRODUCT_NAME = "$(TARGET_NAME)";
				SWIFT_VERSION = 5.0;
				TARGETED_DEVICE_FAMILY = "1,2";
			};
			name = Debug;
		};
		2C2FBC972404068D00BACABD /* Release */ = {
			isa = XCBuildConfiguration;
			buildSettings = {
				ASSETCATALOG_COMPILER_APPICON_NAME = AppIcon;
				CODE_SIGN_STYLE = Automatic;
				FRAMEWORK_SEARCH_PATHS = (
					"$(inherited)",
					"$(PROJECT_DIR)/Carthage/Build/iOS",
				);
				INFOPLIST_FILE = pteamFeed/Info.plist;
				LD_RUNPATH_SEARCH_PATHS = (
					"$(inherited)",
					"@executable_path/Frameworks",
				);
				PRODUCT_BUNDLE_IDENTIFIER = pTeam.pteamFeed;
				PRODUCT_NAME = "$(TARGET_NAME)";
				SWIFT_VERSION = 5.0;
				TARGETED_DEVICE_FAMILY = "1,2";
			};
			name = Release;
		};
/* End XCBuildConfiguration section */

/* Begin XCConfigurationList section */
		2C2FBC7C2404068600BACABD /* Build configuration list for PBXProject "pteamFeed" */ = {
			isa = XCConfigurationList;
			buildConfigurations = (
				2C2FBC932404068D00BACABD /* Debug */,
				2C2FBC942404068D00BACABD /* Release */,
			);
			defaultConfigurationIsVisible = 0;
			defaultConfigurationName = Release;
		};
		2C2FBC952404068D00BACABD /* Build configuration list for PBXNativeTarget "pteamFeed" */ = {
			isa = XCConfigurationList;
			buildConfigurations = (
				2C2FBC962404068D00BACABD /* Debug */,
				2C2FBC972404068D00BACABD /* Release */,
			);
			defaultConfigurationIsVisible = 0;
			defaultConfigurationName = Release;
		};
/* End XCConfigurationList section */
	};
	rootObject = 2C2FBC792404068600BACABD /* Project object */;
}
