// !$*UTF8*$!
{
	archiveVersion = 1;
	classes = {
	};
	objectVersion = 50;
	objects = {

/* Begin PBXBuildFile section */
		2C0A3A73243B336F00A54530 /* APIManager.swift in Sources */ = {isa = PBXBuildFile; fileRef = 2C0A3A72243B336F00A54530 /* APIManager.swift */; };
		2C0A3A75243B39E600A54530 /* ErrorManager.swift in Sources */ = {isa = PBXBuildFile; fileRef = 2C0A3A74243B39E600A54530 /* ErrorManager.swift */; };
		2C0A3A78243B607A00A54530 /* APIWeatherManager.swift in Sources */ = {isa = PBXBuildFile; fileRef = 2C0A3A77243B607A00A54530 /* APIWeatherManager.swift */; };
		2C5A84642439E01A00C159FA /* AppDelegate.swift in Sources */ = {isa = PBXBuildFile; fileRef = 2C5A84632439E01A00C159FA /* AppDelegate.swift */; };
		2C5A84662439E01A00C159FA /* SceneDelegate.swift in Sources */ = {isa = PBXBuildFile; fileRef = 2C5A84652439E01A00C159FA /* SceneDelegate.swift */; };
		2C5A84682439E01A00C159FA /* ViewController.swift in Sources */ = {isa = PBXBuildFile; fileRef = 2C5A84672439E01A00C159FA /* ViewController.swift */; };
		2C5A846B2439E01A00C159FA /* Main.storyboard in Resources */ = {isa = PBXBuildFile; fileRef = 2C5A84692439E01A00C159FA /* Main.storyboard */; };
		2C5A846D2439E02100C159FA /* Assets.xcassets in Resources */ = {isa = PBXBuildFile; fileRef = 2C5A846C2439E02100C159FA /* Assets.xcassets */; };
		2C5A84702439E02100C159FA /* LaunchScreen.storyboard in Resources */ = {isa = PBXBuildFile; fileRef = 2C5A846E2439E02100C159FA /* LaunchScreen.storyboard */; };
		2C5A8478243A09A100C159FA /* CurrentWeather.swift in Sources */ = {isa = PBXBuildFile; fileRef = 2C5A8477243A09A100C159FA /* CurrentWeather.swift */; };
		2C5A847A243A0A6A00C159FA /*  WheaterIconManager.swift in Sources */ = {isa = PBXBuildFile; fileRef = 2C5A8479243A0A6A00C159FA /*  WheaterIconManager.swift */; };
		2CF8D2D02448742900A5A0F6 /* ParticlesView.swift in Sources */ = {isa = PBXBuildFile; fileRef = 2CF8D2CF2448742900A5A0F6 /* ParticlesView.swift */; };
		2CF8D2D2244874EB00A5A0F6 /* ParticleScene.sks in Resources */ = {isa = PBXBuildFile; fileRef = 2CF8D2D1244874EB00A5A0F6 /* ParticleScene.sks */; };
/* End PBXBuildFile section */

/* Begin PBXFileReference section */
		2C0A3A72243B336F00A54530 /* APIManager.swift */ = {isa = PBXFileReference; lastKnownFileType = sourcecode.swift; path = APIManager.swift; sourceTree = "<group>"; };
		2C0A3A74243B39E600A54530 /* ErrorManager.swift */ = {isa = PBXFileReference; lastKnownFileType = sourcecode.swift; path = ErrorManager.swift; sourceTree = "<group>"; };
		2C0A3A77243B607A00A54530 /* APIWeatherManager.swift */ = {isa = PBXFileReference; lastKnownFileType = sourcecode.swift; path = APIWeatherManager.swift; sourceTree = "<group>"; };
		2C5A84602439E01A00C159FA /* WeatherApp.app */ = {isa = PBXFileReference; explicitFileType = wrapper.application; includeInIndex = 0; path = WeatherApp.app; sourceTree = BUILT_PRODUCTS_DIR; };
		2C5A84632439E01A00C159FA /* AppDelegate.swift */ = {isa = PBXFileReference; lastKnownFileType = sourcecode.swift; path = AppDelegate.swift; sourceTree = "<group>"; };
		2C5A84652439E01A00C159FA /* SceneDelegate.swift */ = {isa = PBXFileReference; lastKnownFileType = sourcecode.swift; path = SceneDelegate.swift; sourceTree = "<group>"; };
		2C5A84672439E01A00C159FA /* ViewController.swift */ = {isa = PBXFileReference; lastKnownFileType = sourcecode.swift; path = ViewController.swift; sourceTree = "<group>"; };
		2C5A846A2439E01A00C159FA /* Base */ = {isa = PBXFileReference; lastKnownFileType = file.storyboard; name = Base; path = Base.lproj/Main.storyboard; sourceTree = "<group>"; };
		2C5A846C2439E02100C159FA /* Assets.xcassets */ = {isa = PBXFileReference; lastKnownFileType = folder.assetcatalog; path = Assets.xcassets; sourceTree = "<group>"; };
		2C5A846F2439E02100C159FA /* Base */ = {isa = PBXFileReference; lastKnownFileType = file.storyboard; name = Base; path = Base.lproj/LaunchScreen.storyboard; sourceTree = "<group>"; };
		2C5A84712439E02100C159FA /* Info.plist */ = {isa = PBXFileReference; lastKnownFileType = text.plist.xml; path = Info.plist; sourceTree = "<group>"; };
		2C5A8477243A09A100C159FA /* CurrentWeather.swift */ = {isa = PBXFileReference; lastKnownFileType = sourcecode.swift; path = CurrentWeather.swift; sourceTree = "<group>"; };
		2C5A8479243A0A6A00C159FA /*  WheaterIconManager.swift */ = {isa = PBXFileReference; lastKnownFileType = sourcecode.swift; path = " WheaterIconManager.swift"; sourceTree = "<group>"; };
		2CF8D2CF2448742900A5A0F6 /* ParticlesView.swift */ = {isa = PBXFileReference; lastKnownFileType = sourcecode.swift; path = ParticlesView.swift; sourceTree = "<group>"; };
		2CF8D2D1244874EB00A5A0F6 /* ParticleScene.sks */ = {isa = PBXFileReference; lastKnownFileType = file.sks; path = ParticleScene.sks; sourceTree = "<group>"; };
/* End PBXFileReference section */

/* Begin PBXFrameworksBuildPhase section */
		2C5A845D2439E01A00C159FA /* Frameworks */ = {
			isa = PBXFrameworksBuildPhase;
			buildActionMask = 2147483647;
			files = (
			);
			runOnlyForDeploymentPostprocessing = 0;
		};
/* End PBXFrameworksBuildPhase section */

/* Begin PBXGroup section */
		2C0A3A76243B3A0C00A54530 /* WheatherModel */ = {
			isa = PBXGroup;
			children = (
				2C5A8477243A09A100C159FA /* CurrentWeather.swift */,
				2C5A8479243A0A6A00C159FA /*  WheaterIconManager.swift */,
			);
			path = WheatherModel;
			sourceTree = "<group>";
		};
		2C5A84572439E01A00C159FA = {
			isa = PBXGroup;
			children = (
				2C5A84622439E01A00C159FA /* WeatherApp */,
				2C5A84612439E01A00C159FA /* Products */,
			);
			sourceTree = "<group>";
		};
		2C5A84612439E01A00C159FA /* Products */ = {
			isa = PBXGroup;
			children = (
				2C5A84602439E01A00C159FA /* WeatherApp.app */,
			);
			name = Products;
			sourceTree = "<group>";
		};
		2C5A84622439E01A00C159FA /* WeatherApp */ = {
			isa = PBXGroup;
			children = (
				2C5A84632439E01A00C159FA /* AppDelegate.swift */,
				2C5A84652439E01A00C159FA /* SceneDelegate.swift */,
				2C5A84672439E01A00C159FA /* ViewController.swift */,
				2C0A3A72243B336F00A54530 /* APIManager.swift */,
				2C0A3A77243B607A00A54530 /* APIWeatherManager.swift */,
				2C0A3A74243B39E600A54530 /* ErrorManager.swift */,
				2C0A3A76243B3A0C00A54530 /* WheatherModel */,
				2C5A84692439E01A00C159FA /* Main.storyboard */,
				2CF8D2D1244874EB00A5A0F6 /* ParticleScene.sks */,
				2CF8D2CF2448742900A5A0F6 /* ParticlesView.swift */,
				2C5A846C2439E02100C159FA /* Assets.xcassets */,
				2C5A846E2439E02100C159FA /* LaunchScreen.storyboard */,
				2C5A84712439E02100C159FA /* Info.plist */,
			);
			path = WeatherApp;
			sourceTree = "<group>";
		};
/* End PBXGroup section */

/* Begin PBXNativeTarget section */
		2C5A845F2439E01A00C159FA /* WeatherApp */ = {
			isa = PBXNativeTarget;
			buildConfigurationList = 2C5A84742439E02100C159FA /* Build configuration list for PBXNativeTarget "WeatherApp" */;
			buildPhases = (
				2C5A845C2439E01A00C159FA /* Sources */,
				2C5A845D2439E01A00C159FA /* Frameworks */,
				2C5A845E2439E01A00C159FA /* Resources */,
			);
			buildRules = (
			);
			dependencies = (
			);
			name = WeatherApp;
			productName = WeatherApp;
			productReference = 2C5A84602439E01A00C159FA /* WeatherApp.app */;
			productType = "com.apple.product-type.application";
		};
/* End PBXNativeTarget section */

/* Begin PBXProject section */
		2C5A84582439E01A00C159FA /* Project object */ = {
			isa = PBXProject;
			attributes = {
				LastSwiftUpdateCheck = 1140;
				LastUpgradeCheck = 1140;
				ORGANIZATIONNAME = "Павел Алешин";
				TargetAttributes = {
					2C5A845F2439E01A00C159FA = {
						CreatedOnToolsVersion = 11.4;
					};
				};
			};
			buildConfigurationList = 2C5A845B2439E01A00C159FA /* Build configuration list for PBXProject "WeatherApp" */;
			compatibilityVersion = "Xcode 9.3";
			developmentRegion = en;
			hasScannedForEncodings = 0;
			knownRegions = (
				en,
				Base,
			);
			mainGroup = 2C5A84572439E01A00C159FA;
			productRefGroup = 2C5A84612439E01A00C159FA /* Products */;
			projectDirPath = "";
			projectRoot = "";
			targets = (
				2C5A845F2439E01A00C159FA /* WeatherApp */,
			);
		};
/* End PBXProject section */

/* Begin PBXResourcesBuildPhase section */
		2C5A845E2439E01A00C159FA /* Resources */ = {
			isa = PBXResourcesBuildPhase;
			buildActionMask = 2147483647;
			files = (
				2C5A84702439E02100C159FA /* LaunchScreen.storyboard in Resources */,
				2C5A846D2439E02100C159FA /* Assets.xcassets in Resources */,
				2CF8D2D2244874EB00A5A0F6 /* ParticleScene.sks in Resources */,
				2C5A846B2439E01A00C159FA /* Main.storyboard in Resources */,
			);
			runOnlyForDeploymentPostprocessing = 0;
		};
/* End PBXResourcesBuildPhase section */

/* Begin PBXSourcesBuildPhase section */
		2C5A845C2439E01A00C159FA /* Sources */ = {
			isa = PBXSourcesBuildPhase;
			buildActionMask = 2147483647;
			files = (
				2C0A3A73243B336F00A54530 /* APIManager.swift in Sources */,
				2C5A84682439E01A00C159FA /* ViewController.swift in Sources */,
				2CF8D2D02448742900A5A0F6 /* ParticlesView.swift in Sources */,
				2C0A3A75243B39E600A54530 /* ErrorManager.swift in Sources */,
				2C5A847A243A0A6A00C159FA /*  WheaterIconManager.swift in Sources */,
				2C5A84642439E01A00C159FA /* AppDelegate.swift in Sources */,
				2C5A8478243A09A100C159FA /* CurrentWeather.swift in Sources */,
				2C5A84662439E01A00C159FA /* SceneDelegate.swift in Sources */,
				2C0A3A78243B607A00A54530 /* APIWeatherManager.swift in Sources */,
			);
			runOnlyForDeploymentPostprocessing = 0;
		};
/* End PBXSourcesBuildPhase section */

/* Begin PBXVariantGroup section */
		2C5A84692439E01A00C159FA /* Main.storyboard */ = {
			isa = PBXVariantGroup;
			children = (
				2C5A846A2439E01A00C159FA /* Base */,
			);
			name = Main.storyboard;
			sourceTree = "<group>";
		};
		2C5A846E2439E02100C159FA /* LaunchScreen.storyboard */ = {
			isa = PBXVariantGroup;
			children = (
				2C5A846F2439E02100C159FA /* Base */,
			);
			name = LaunchScreen.storyboard;
			sourceTree = "<group>";
		};
/* End PBXVariantGroup section */

/* Begin XCBuildConfiguration section */
		2C5A84722439E02100C159FA /* Debug */ = {
			isa = XCBuildConfiguration;
			buildSettings = {
				ALWAYS_SEARCH_USER_PATHS = NO;
				CLANG_ANALYZER_NONNULL = YES;
				CLANG_ANALYZER_NUMBER_OBJECT_CONVERSION = YES_AGGRESSIVE;
				CLANG_CXX_LANGUAGE_STANDARD = "gnu++14";
				CLANG_CXX_LIBRARY = "libc++";
				CLANG_ENABLE_MODULES = YES;
				CLANG_ENABLE_OBJC_ARC = YES;
				CLANG_ENABLE_OBJC_WEAK = YES;
				CLANG_WARN_BLOCK_CAPTURE_AUTORELEASING = YES;
				CLANG_WARN_BOOL_CONVERSION = YES;
				CLANG_WARN_COMMA = YES;
				CLANG_WARN_CONSTANT_CONVERSION = YES;
				CLANG_WARN_DEPRECATED_OBJC_IMPLEMENTATIONS = YES;
				CLANG_WARN_DIRECT_OBJC_ISA_USAGE = YES_ERROR;
				CLANG_WARN_DOCUMENTATION_COMMENTS = YES;
				CLANG_WARN_EMPTY_BODY = YES;
				CLANG_WARN_ENUM_CONVERSION = YES;
				CLANG_WARN_INFINITE_RECURSION = YES;
				CLANG_WARN_INT_CONVERSION = YES;
				CLANG_WARN_NON_LITERAL_NULL_CONVERSION = YES;
				CLANG_WARN_OBJC_IMPLICIT_RETAIN_SELF = YES;
				CLANG_WARN_OBJC_LITERAL_CONVERSION = YES;
				CLANG_WARN_OBJC_ROOT_CLASS = YES_ERROR;
				CLANG_WARN_RANGE_LOOP_ANALYSIS = YES;
				CLANG_WARN_STRICT_PROTOTYPES = YES;
				CLANG_WARN_SUSPICIOUS_MOVE = YES;
				CLANG_WARN_UNGUARDED_AVAILABILITY = YES_AGGRESSIVE;
				CLANG_WARN_UNREACHABLE_CODE = YES;
				CLANG_WARN__DUPLICATE_METHOD_MATCH = YES;
				COPY_PHASE_STRIP = NO;
				DEBUG_INFORMATION_FORMAT = dwarf;
				ENABLE_STRICT_OBJC_MSGSEND = YES;
				ENABLE_TESTABILITY = YES;
				GCC_C_LANGUAGE_STANDARD = gnu11;
				GCC_DYNAMIC_NO_PIC = NO;
				GCC_NO_COMMON_BLOCKS = YES;
				GCC_OPTIMIZATION_LEVEL = 0;
				GCC_PREPROCESSOR_DEFINITIONS = (
					"DEBUG=1",
					"$(inherited)",
				);
				GCC_WARN_64_TO_32_BIT_CONVERSION = YES;
				GCC_WARN_ABOUT_RETURN_TYPE = YES_ERROR;
				GCC_WARN_UNDECLARED_SELECTOR = YES;
				GCC_WARN_UNINITIALIZED_AUTOS = YES_AGGRESSIVE;
				GCC_WARN_UNUSED_FUNCTION = YES;
				GCC_WARN_UNUSED_VARIABLE = YES;
				IPHONEOS_DEPLOYMENT_TARGET = 13.4;
				MTL_ENABLE_DEBUG_INFO = INCLUDE_SOURCE;
				MTL_FAST_MATH = YES;
				ONLY_ACTIVE_ARCH = YES;
				SDKROOT = iphoneos;
				SWIFT_ACTIVE_COMPILATION_CONDITIONS = DEBUG;
				SWIFT_OPTIMIZATION_LEVEL = "-Onone";
			};
			name = Debug;
		};
		2C5A84732439E02100C159FA /* Release */ = {
			isa = XCBuildConfiguration;
			buildSettings = {
				ALWAYS_SEARCH_USER_PATHS = NO;
				CLANG_ANALYZER_NONNULL = YES;
				CLANG_ANALYZER_NUMBER_OBJECT_CONVERSION = YES_AGGRESSIVE;
				CLANG_CXX_LANGUAGE_STANDARD = "gnu++14";
				CLANG_CXX_LIBRARY = "libc++";
				CLANG_ENABLE_MODULES = YES;
				CLANG_ENABLE_OBJC_ARC = YES;
				CLANG_ENABLE_OBJC_WEAK = YES;
				CLANG_WARN_BLOCK_CAPTURE_AUTORELEASING = YES;
				CLANG_WARN_BOOL_CONVERSION = YES;
				CLANG_WARN_COMMA = YES;
				CLANG_WARN_CONSTANT_CONVERSION = YES;
				CLANG_WARN_DEPRECATED_OBJC_IMPLEMENTATIONS = YES;
				CLANG_WARN_DIRECT_OBJC_ISA_USAGE = YES_ERROR;
				CLANG_WARN_DOCUMENTATION_COMMENTS = YES;
				CLANG_WARN_EMPTY_BODY = YES;
				CLANG_WARN_ENUM_CONVERSION = YES;
				CLANG_WARN_INFINITE_RECURSION = YES;
				CLANG_WARN_INT_CONVERSION = YES;
				CLANG_WARN_NON_LITERAL_NULL_CONVERSION = YES;
				CLANG_WARN_OBJC_IMPLICIT_RETAIN_SELF = YES;
				CLANG_WARN_OBJC_LITERAL_CONVERSION = YES;
				CLANG_WARN_OBJC_ROOT_CLASS = YES_ERROR;
				CLANG_WARN_RANGE_LOOP_ANALYSIS = YES;
				CLANG_WARN_STRICT_PROTOTYPES = YES;
				CLANG_WARN_SUSPICIOUS_MOVE = YES;
				CLANG_WARN_UNGUARDED_AVAILABILITY = YES_AGGRESSIVE;
				CLANG_WARN_UNREACHABLE_CODE = YES;
				CLANG_WARN__DUPLICATE_METHOD_MATCH = YES;
				COPY_PHASE_STRIP = NO;
				DEBUG_INFORMATION_FORMAT = "dwarf-with-dsym";
				ENABLE_NS_ASSERTIONS = NO;
				ENABLE_STRICT_OBJC_MSGSEND = YES;
				GCC_C_LANGUAGE_STANDARD = gnu11;
				GCC_NO_COMMON_BLOCKS = YES;
				GCC_WARN_64_TO_32_BIT_CONVERSION = YES;
				GCC_WARN_ABOUT_RETURN_TYPE = YES_ERROR;
				GCC_WARN_UNDECLARED_SELECTOR = YES;
				GCC_WARN_UNINITIALIZED_AUTOS = YES_AGGRESSIVE;
				GCC_WARN_UNUSED_FUNCTION = YES;
				GCC_WARN_UNUSED_VARIABLE = YES;
				IPHONEOS_DEPLOYMENT_TARGET = 13.4;
				MTL_ENABLE_DEBUG_INFO = NO;
				MTL_FAST_MATH = YES;
				SDKROOT = iphoneos;
				SWIFT_COMPILATION_MODE = wholemodule;
				SWIFT_OPTIMIZATION_LEVEL = "-O";
				VALIDATE_PRODUCT = YES;
			};
			name = Release;
		};
		2C5A84752439E02100C159FA /* Debug */ = {
			isa = XCBuildConfiguration;
			buildSettings = {
				ASSETCATALOG_COMPILER_APPICON_NAME = AppIcon;
				CODE_SIGN_STYLE = Automatic;
				INFOPLIST_FILE = WeatherApp/Info.plist;
				LD_RUNPATH_SEARCH_PATHS = (
					"$(inherited)",
					"@executable_path/Frameworks",
				);
				PRODUCT_BUNDLE_IDENTIFIER = pTeam.WeatherApp;
				PRODUCT_NAME = "$(TARGET_NAME)";
				SWIFT_VERSION = 5.0;
				TARGETED_DEVICE_FAMILY = 1;
			};
			name = Debug;
		};
		2C5A84762439E02100C159FA /* Release */ = {
			isa = XCBuildConfiguration;
			buildSettings = {
				ASSETCATALOG_COMPILER_APPICON_NAME = AppIcon;
				CODE_SIGN_STYLE = Automatic;
				INFOPLIST_FILE = WeatherApp/Info.plist;
				LD_RUNPATH_SEARCH_PATHS = (
					"$(inherited)",
					"@executable_path/Frameworks",
				);
				PRODUCT_BUNDLE_IDENTIFIER = pTeam.WeatherApp;
				PRODUCT_NAME = "$(TARGET_NAME)";
				SWIFT_VERSION = 5.0;
				TARGETED_DEVICE_FAMILY = 1;
			};
			name = Release;
		};
/* End XCBuildConfiguration section */

/* Begin XCConfigurationList section */
		2C5A845B2439E01A00C159FA /* Build configuration list for PBXProject "WeatherApp" */ = {
			isa = XCConfigurationList;
			buildConfigurations = (
				2C5A84722439E02100C159FA /* Debug */,
				2C5A84732439E02100C159FA /* Release */,
			);
			defaultConfigurationIsVisible = 0;
			defaultConfigurationName = Release;
		};
		2C5A84742439E02100C159FA /* Build configuration list for PBXNativeTarget "WeatherApp" */ = {
			isa = XCConfigurationList;
			buildConfigurations = (
				2C5A84752439E02100C159FA /* Debug */,
				2C5A84762439E02100C159FA /* Release */,
			);
			defaultConfigurationIsVisible = 0;
			defaultConfigurationName = Release;
		};
/* End XCConfigurationList section */
	};
	rootObject = 2C5A84582439E01A00C159FA /* Project object */;
}
