// !$*UTF8*$!
{
	archiveVersion = 1;
	classes = {
	};
	objectVersion = 50;
	objects = {

/* Begin PBXBuildFile section */
		2CA745DC24267BBF002F80C8 /* AppDelegate.swift in Sources */ = {isa = PBXBuildFile; fileRef = 2CA745DB24267BBF002F80C8 /* AppDelegate.swift */; };
		2CA745DE24267BBF002F80C8 /* SceneDelegate.swift in Sources */ = {isa = PBXBuildFile; fileRef = 2CA745DD24267BBF002F80C8 /* SceneDelegate.swift */; };
		2CA745E324267BBF002F80C8 /* Main.storyboard in Resources */ = {isa = PBXBuildFile; fileRef = 2CA745E124267BBF002F80C8 /* Main.storyboard */; };
		2CA745E624267BC0002F80C8 /* DemoCoreData.xcdatamodeld in Sources */ = {isa = PBXBuildFile; fileRef = 2CA745E424267BC0002F80C8 /* DemoCoreData.xcdatamodeld */; };
		2CA745E824267BCC002F80C8 /* Assets.xcassets in Resources */ = {isa = PBXBuildFile; fileRef = 2CA745E724267BCC002F80C8 /* Assets.xcassets */; };
		2CA745EB24267BCC002F80C8 /* LaunchScreen.storyboard in Resources */ = {isa = PBXBuildFile; fileRef = 2CA745E924267BCC002F80C8 /* LaunchScreen.storyboard */; };
		2CA745F624267BCD002F80C8 /* DemoCoreDataTests.swift in Sources */ = {isa = PBXBuildFile; fileRef = 2CA745F524267BCD002F80C8 /* DemoCoreDataTests.swift */; };
		2CA7460124267C99002F80C8 /* TableViewController.swift in Sources */ = {isa = PBXBuildFile; fileRef = 2CA7460024267C99002F80C8 /* TableViewController.swift */; };
/* End PBXBuildFile section */

/* Begin PBXContainerItemProxy section */
		2CA745F224267BCD002F80C8 /* PBXContainerItemProxy */ = {
			isa = PBXContainerItemProxy;
			containerPortal = 2CA745D024267BBF002F80C8 /* Project object */;
			proxyType = 1;
			remoteGlobalIDString = 2CA745D724267BBF002F80C8;
			remoteInfo = DemoCoreData;
		};
/* End PBXContainerItemProxy section */

/* Begin PBXFileReference section */
		2CA745D824267BBF002F80C8 /* DemoCoreData.app */ = {isa = PBXFileReference; explicitFileType = wrapper.application; includeInIndex = 0; path = DemoCoreData.app; sourceTree = BUILT_PRODUCTS_DIR; };
		2CA745DB24267BBF002F80C8 /* AppDelegate.swift */ = {isa = PBXFileReference; lastKnownFileType = sourcecode.swift; path = AppDelegate.swift; sourceTree = "<group>"; };
		2CA745DD24267BBF002F80C8 /* SceneDelegate.swift */ = {isa = PBXFileReference; lastKnownFileType = sourcecode.swift; path = SceneDelegate.swift; sourceTree = "<group>"; };
		2CA745E224267BBF002F80C8 /* Base */ = {isa = PBXFileReference; lastKnownFileType = file.storyboard; name = Base; path = Base.lproj/Main.storyboard; sourceTree = "<group>"; };
		2CA745E524267BC0002F80C8 /* DemoCoreData.xcdatamodel */ = {isa = PBXFileReference; lastKnownFileType = wrapper.xcdatamodel; path = DemoCoreData.xcdatamodel; sourceTree = "<group>"; };
		2CA745E724267BCC002F80C8 /* Assets.xcassets */ = {isa = PBXFileReference; lastKnownFileType = folder.assetcatalog; path = Assets.xcassets; sourceTree = "<group>"; };
		2CA745EA24267BCC002F80C8 /* Base */ = {isa = PBXFileReference; lastKnownFileType = file.storyboard; name = Base; path = Base.lproj/LaunchScreen.storyboard; sourceTree = "<group>"; };
		2CA745EC24267BCC002F80C8 /* Info.plist */ = {isa = PBXFileReference; lastKnownFileType = text.plist.xml; path = Info.plist; sourceTree = "<group>"; };
		2CA745F124267BCD002F80C8 /* DemoCoreDataTests.xctest */ = {isa = PBXFileReference; explicitFileType = wrapper.cfbundle; includeInIndex = 0; path = DemoCoreDataTests.xctest; sourceTree = BUILT_PRODUCTS_DIR; };
		2CA745F524267BCD002F80C8 /* DemoCoreDataTests.swift */ = {isa = PBXFileReference; lastKnownFileType = sourcecode.swift; path = DemoCoreDataTests.swift; sourceTree = "<group>"; };
		2CA745F724267BCD002F80C8 /* Info.plist */ = {isa = PBXFileReference; lastKnownFileType = text.plist.xml; path = Info.plist; sourceTree = "<group>"; };
		2CA7460024267C99002F80C8 /* TableViewController.swift */ = {isa = PBXFileReference; lastKnownFileType = sourcecode.swift; path = TableViewController.swift; sourceTree = "<group>"; };
/* End PBXFileReference section */

/* Begin PBXFrameworksBuildPhase section */
		2CA745D524267BBF002F80C8 /* Frameworks */ = {
			isa = PBXFrameworksBuildPhase;
			buildActionMask = 2147483647;
			files = (
			);
			runOnlyForDeploymentPostprocessing = 0;
		};
		2CA745EE24267BCD002F80C8 /* Frameworks */ = {
			isa = PBXFrameworksBuildPhase;
			buildActionMask = 2147483647;
			files = (
			);
			runOnlyForDeploymentPostprocessing = 0;
		};
/* End PBXFrameworksBuildPhase section */

/* Begin PBXGroup section */
		2CA745CF24267BBF002F80C8 = {
			isa = PBXGroup;
			children = (
				2CA745DA24267BBF002F80C8 /* DemoCoreData */,
				2CA745F424267BCD002F80C8 /* DemoCoreDataTests */,
				2CA745D924267BBF002F80C8 /* Products */,
			);
			sourceTree = "<group>";
		};
		2CA745D924267BBF002F80C8 /* Products */ = {
			isa = PBXGroup;
			children = (
				2CA745D824267BBF002F80C8 /* DemoCoreData.app */,
				2CA745F124267BCD002F80C8 /* DemoCoreDataTests.xctest */,
			);
			name = Products;
			sourceTree = "<group>";
		};
		2CA745DA24267BBF002F80C8 /* DemoCoreData */ = {
			isa = PBXGroup;
			children = (
				2CA745DB24267BBF002F80C8 /* AppDelegate.swift */,
				2CA745DD24267BBF002F80C8 /* SceneDelegate.swift */,
				2CA7460024267C99002F80C8 /* TableViewController.swift */,
				2CA745E124267BBF002F80C8 /* Main.storyboard */,
				2CA745E724267BCC002F80C8 /* Assets.xcassets */,
				2CA745E924267BCC002F80C8 /* LaunchScreen.storyboard */,
				2CA745EC24267BCC002F80C8 /* Info.plist */,
				2CA745E424267BC0002F80C8 /* DemoCoreData.xcdatamodeld */,
			);
			path = DemoCoreData;
			sourceTree = "<group>";
		};
		2CA745F424267BCD002F80C8 /* DemoCoreDataTests */ = {
			isa = PBXGroup;
			children = (
				2CA745F524267BCD002F80C8 /* DemoCoreDataTests.swift */,
				2CA745F724267BCD002F80C8 /* Info.plist */,
			);
			path = DemoCoreDataTests;
			sourceTree = "<group>";
		};
/* End PBXGroup section */

/* Begin PBXNativeTarget section */
		2CA745D724267BBF002F80C8 /* DemoCoreData */ = {
			isa = PBXNativeTarget;
			buildConfigurationList = 2CA745FA24267BCD002F80C8 /* Build configuration list for PBXNativeTarget "DemoCoreData" */;
			buildPhases = (
				2CA745D424267BBF002F80C8 /* Sources */,
				2CA745D524267BBF002F80C8 /* Frameworks */,
				2CA745D624267BBF002F80C8 /* Resources */,
			);
			buildRules = (
			);
			dependencies = (
			);
			name = DemoCoreData;
			productName = DemoCoreData;
			productReference = 2CA745D824267BBF002F80C8 /* DemoCoreData.app */;
			productType = "com.apple.product-type.application";
		};
		2CA745F024267BCD002F80C8 /* DemoCoreDataTests */ = {
			isa = PBXNativeTarget;
			buildConfigurationList = 2CA745FD24267BCD002F80C8 /* Build configuration list for PBXNativeTarget "DemoCoreDataTests" */;
			buildPhases = (
				2CA745ED24267BCD002F80C8 /* Sources */,
				2CA745EE24267BCD002F80C8 /* Frameworks */,
				2CA745EF24267BCD002F80C8 /* Resources */,
			);
			buildRules = (
			);
			dependencies = (
				2CA745F324267BCD002F80C8 /* PBXTargetDependency */,
			);
			name = DemoCoreDataTests;
			productName = DemoCoreDataTests;
			productReference = 2CA745F124267BCD002F80C8 /* DemoCoreDataTests.xctest */;
			productType = "com.apple.product-type.bundle.unit-test";
		};
/* End PBXNativeTarget section */

/* Begin PBXProject section */
		2CA745D024267BBF002F80C8 /* Project object */ = {
			isa = PBXProject;
			attributes = {
				LastSwiftUpdateCheck = 1130;
				LastUpgradeCheck = 1130;
				ORGANIZATIONNAME = "Павел Алешин";
				TargetAttributes = {
					2CA745D724267BBF002F80C8 = {
						CreatedOnToolsVersion = 11.3.1;
					};
					2CA745F024267BCD002F80C8 = {
						CreatedOnToolsVersion = 11.3.1;
						TestTargetID = 2CA745D724267BBF002F80C8;
					};
				};
			};
			buildConfigurationList = 2CA745D324267BBF002F80C8 /* Build configuration list for PBXProject "DemoCoreData" */;
			compatibilityVersion = "Xcode 9.3";
			developmentRegion = en;
			hasScannedForEncodings = 0;
			knownRegions = (
				en,
				Base,
			);
			mainGroup = 2CA745CF24267BBF002F80C8;
			productRefGroup = 2CA745D924267BBF002F80C8 /* Products */;
			projectDirPath = "";
			projectRoot = "";
			targets = (
				2CA745D724267BBF002F80C8 /* DemoCoreData */,
				2CA745F024267BCD002F80C8 /* DemoCoreDataTests */,
			);
		};
/* End PBXProject section */

/* Begin PBXResourcesBuildPhase section */
		2CA745D624267BBF002F80C8 /* Resources */ = {
			isa = PBXResourcesBuildPhase;
			buildActionMask = 2147483647;
			files = (
				2CA745EB24267BCC002F80C8 /* LaunchScreen.storyboard in Resources */,
				2CA745E824267BCC002F80C8 /* Assets.xcassets in Resources */,
				2CA745E324267BBF002F80C8 /* Main.storyboard in Resources */,
			);
			runOnlyForDeploymentPostprocessing = 0;
		};
		2CA745EF24267BCD002F80C8 /* Resources */ = {
			isa = PBXResourcesBuildPhase;
			buildActionMask = 2147483647;
			files = (
			);
			runOnlyForDeploymentPostprocessing = 0;
		};
/* End PBXResourcesBuildPhase section */

/* Begin PBXSourcesBuildPhase section */
		2CA745D424267BBF002F80C8 /* Sources */ = {
			isa = PBXSourcesBuildPhase;
			buildActionMask = 2147483647;
			files = (
				2CA745E624267BC0002F80C8 /* DemoCoreData.xcdatamodeld in Sources */,
				2CA745DC24267BBF002F80C8 /* AppDelegate.swift in Sources */,
				2CA7460124267C99002F80C8 /* TableViewController.swift in Sources */,
				2CA745DE24267BBF002F80C8 /* SceneDelegate.swift in Sources */,
			);
			runOnlyForDeploymentPostprocessing = 0;
		};
		2CA745ED24267BCD002F80C8 /* Sources */ = {
			isa = PBXSourcesBuildPhase;
			buildActionMask = 2147483647;
			files = (
				2CA745F624267BCD002F80C8 /* DemoCoreDataTests.swift in Sources */,
			);
			runOnlyForDeploymentPostprocessing = 0;
		};
/* End PBXSourcesBuildPhase section */

/* Begin PBXTargetDependency section */
		2CA745F324267BCD002F80C8 /* PBXTargetDependency */ = {
			isa = PBXTargetDependency;
			target = 2CA745D724267BBF002F80C8 /* DemoCoreData */;
			targetProxy = 2CA745F224267BCD002F80C8 /* PBXContainerItemProxy */;
		};
/* End PBXTargetDependency section */

/* Begin PBXVariantGroup section */
		2CA745E124267BBF002F80C8 /* Main.storyboard */ = {
			isa = PBXVariantGroup;
			children = (
				2CA745E224267BBF002F80C8 /* Base */,
			);
			name = Main.storyboard;
			sourceTree = "<group>";
		};
		2CA745E924267BCC002F80C8 /* LaunchScreen.storyboard */ = {
			isa = PBXVariantGroup;
			children = (
				2CA745EA24267BCC002F80C8 /* Base */,
			);
			name = LaunchScreen.storyboard;
			sourceTree = "<group>";
		};
/* End PBXVariantGroup section */

/* Begin XCBuildConfiguration section */
		2CA745F824267BCD002F80C8 /* Debug */ = {
			isa = XCBuildConfiguration;
			buildSettings = {
				ALWAYS_SEARCH_USER_PATHS = NO;
				CLANG_ANALYZER_NONNULL = YES;
				CLANG_ANALYZER_NUMBER_OBJECT_CONVERSION = YES_AGGRESSIVE;
				CLANG_CXX_LANGUAGE_STANDARD = "gnu++14";
				CLANG_CXX_LIBRARY = "libc++";
				CLANG_ENABLE_MODULES = YES;
				CLANG_ENABLE_OBJC_ARC = YES;
				CLANG_ENABLE_OBJC_WEAK = YES;
				CLANG_WARN_BLOCK_CAPTURE_AUTORELEASING = YES;
				CLANG_WARN_BOOL_CONVERSION = YES;
				CLANG_WARN_COMMA = YES;
				CLANG_WARN_CONSTANT_CONVERSION = YES;
				CLANG_WARN_DEPRECATED_OBJC_IMPLEMENTATIONS = YES;
				CLANG_WARN_DIRECT_OBJC_ISA_USAGE = YES_ERROR;
				CLANG_WARN_DOCUMENTATION_COMMENTS = YES;
				CLANG_WARN_EMPTY_BODY = YES;
				CLANG_WARN_ENUM_CONVERSION = YES;
				CLANG_WARN_INFINITE_RECURSION = YES;
				CLANG_WARN_INT_CONVERSION = YES;
				CLANG_WARN_NON_LITERAL_NULL_CONVERSION = YES;
				CLANG_WARN_OBJC_IMPLICIT_RETAIN_SELF = YES;
				CLANG_WARN_OBJC_LITERAL_CONVERSION = YES;
				CLANG_WARN_OBJC_ROOT_CLASS = YES_ERROR;
				CLANG_WARN_RANGE_LOOP_ANALYSIS = YES;
				CLANG_WARN_STRICT_PROTOTYPES = YES;
				CLANG_WARN_SUSPICIOUS_MOVE = YES;
				CLANG_WARN_UNGUARDED_AVAILABILITY = YES_AGGRESSIVE;
				CLANG_WARN_UNREACHABLE_CODE = YES;
				CLANG_WARN__DUPLICATE_METHOD_MATCH = YES;
				COPY_PHASE_STRIP = NO;
				DEBUG_INFORMATION_FORMAT = dwarf;
				ENABLE_STRICT_OBJC_MSGSEND = YES;
				ENABLE_TESTABILITY = YES;
				GCC_C_LANGUAGE_STANDARD = gnu11;
				GCC_DYNAMIC_NO_PIC = NO;
				GCC_NO_COMMON_BLOCKS = YES;
				GCC_OPTIMIZATION_LEVEL = 0;
				GCC_PREPROCESSOR_DEFINITIONS = (
					"DEBUG=1",
					"$(inherited)",
				);
				GCC_WARN_64_TO_32_BIT_CONVERSION = YES;
				GCC_WARN_ABOUT_RETURN_TYPE = YES_ERROR;
				GCC_WARN_UNDECLARED_SELECTOR = YES;
				GCC_WARN_UNINITIALIZED_AUTOS = YES_AGGRESSIVE;
				GCC_WARN_UNUSED_FUNCTION = YES;
				GCC_WARN_UNUSED_VARIABLE = YES;
				IPHONEOS_DEPLOYMENT_TARGET = 13.2;
				MTL_ENABLE_DEBUG_INFO = INCLUDE_SOURCE;
				MTL_FAST_MATH = YES;
				ONLY_ACTIVE_ARCH = YES;
				SDKROOT = iphoneos;
				SWIFT_ACTIVE_COMPILATION_CONDITIONS = DEBUG;
				SWIFT_OPTIMIZATION_LEVEL = "-Onone";
			};
			name = Debug;
		};
		2CA745F924267BCD002F80C8 /* Release */ = {
			isa = XCBuildConfiguration;
			buildSettings = {
				ALWAYS_SEARCH_USER_PATHS = NO;
				CLANG_ANALYZER_NONNULL = YES;
				CLANG_ANALYZER_NUMBER_OBJECT_CONVERSION = YES_AGGRESSIVE;
				CLANG_CXX_LANGUAGE_STANDARD = "gnu++14";
				CLANG_CXX_LIBRARY = "libc++";
				CLANG_ENABLE_MODULES = YES;
				CLANG_ENABLE_OBJC_ARC = YES;
				CLANG_ENABLE_OBJC_WEAK = YES;
				CLANG_WARN_BLOCK_CAPTURE_AUTORELEASING = YES;
				CLANG_WARN_BOOL_CONVERSION = YES;
				CLANG_WARN_COMMA = YES;
				CLANG_WARN_CONSTANT_CONVERSION = YES;
				CLANG_WARN_DEPRECATED_OBJC_IMPLEMENTATIONS = YES;
				CLANG_WARN_DIRECT_OBJC_ISA_USAGE = YES_ERROR;
				CLANG_WARN_DOCUMENTATION_COMMENTS = YES;
				CLANG_WARN_EMPTY_BODY = YES;
				CLANG_WARN_ENUM_CONVERSION = YES;
				CLANG_WARN_INFINITE_RECURSION = YES;
				CLANG_WARN_INT_CONVERSION = YES;
				CLANG_WARN_NON_LITERAL_NULL_CONVERSION = YES;
				CLANG_WARN_OBJC_IMPLICIT_RETAIN_SELF = YES;
				CLANG_WARN_OBJC_LITERAL_CONVERSION = YES;
				CLANG_WARN_OBJC_ROOT_CLASS = YES_ERROR;
				CLANG_WARN_RANGE_LOOP_ANALYSIS = YES;
				CLANG_WARN_STRICT_PROTOTYPES = YES;
				CLANG_WARN_SUSPICIOUS_MOVE = YES;
				CLANG_WARN_UNGUARDED_AVAILABILITY = YES_AGGRESSIVE;
				CLANG_WARN_UNREACHABLE_CODE = YES;
				CLANG_WARN__DUPLICATE_METHOD_MATCH = YES;
				COPY_PHASE_STRIP = NO;
				DEBUG_INFORMATION_FORMAT = "dwarf-with-dsym";
				ENABLE_NS_ASSERTIONS = NO;
				ENABLE_STRICT_OBJC_MSGSEND = YES;
				GCC_C_LANGUAGE_STANDARD = gnu11;
				GCC_NO_COMMON_BLOCKS = YES;
				GCC_WARN_64_TO_32_BIT_CONVERSION = YES;
				GCC_WARN_ABOUT_RETURN_TYPE = YES_ERROR;
				GCC_WARN_UNDECLARED_SELECTOR = YES;
				GCC_WARN_UNINITIALIZED_AUTOS = YES_AGGRESSIVE;
				GCC_WARN_UNUSED_FUNCTION = YES;
				GCC_WARN_UNUSED_VARIABLE = YES;
				IPHONEOS_DEPLOYMENT_TARGET = 13.2;
				MTL_ENABLE_DEBUG_INFO = NO;
				MTL_FAST_MATH = YES;
				SDKROOT = iphoneos;
				SWIFT_COMPILATION_MODE = wholemodule;
				SWIFT_OPTIMIZATION_LEVEL = "-O";
				VALIDATE_PRODUCT = YES;
			};
			name = Release;
		};
		2CA745FB24267BCD002F80C8 /* Debug */ = {
			isa = XCBuildConfiguration;
			buildSettings = {
				ASSETCATALOG_COMPILER_APPICON_NAME = AppIcon;
				CODE_SIGN_STYLE = Automatic;
				INFOPLIST_FILE = DemoCoreData/Info.plist;
				LD_RUNPATH_SEARCH_PATHS = (
					"$(inherited)",
					"@executable_path/Frameworks",
				);
				PRODUCT_BUNDLE_IDENTIFIER = pTeam.DemoCoreData;
				PRODUCT_NAME = "$(TARGET_NAME)";
				SWIFT_VERSION = 5.0;
				TARGETED_DEVICE_FAMILY = "1,2";
			};
			name = Debug;
		};
		2CA745FC24267BCD002F80C8 /* Release */ = {
			isa = XCBuildConfiguration;
			buildSettings = {
				ASSETCATALOG_COMPILER_APPICON_NAME = AppIcon;
				CODE_SIGN_STYLE = Automatic;
				INFOPLIST_FILE = DemoCoreData/Info.plist;
				LD_RUNPATH_SEARCH_PATHS = (
					"$(inherited)",
					"@executable_path/Frameworks",
				);
				PRODUCT_BUNDLE_IDENTIFIER = pTeam.DemoCoreData;
				PRODUCT_NAME = "$(TARGET_NAME)";
				SWIFT_VERSION = 5.0;
				TARGETED_DEVICE_FAMILY = "1,2";
			};
			name = Release;
		};
		2CA745FE24267BCD002F80C8 /* Debug */ = {
			isa = XCBuildConfiguration;
			buildSettings = {
				ALWAYS_EMBED_SWIFT_STANDARD_LIBRARIES = YES;
				BUNDLE_LOADER = "$(TEST_HOST)";
				CODE_SIGN_STYLE = Automatic;
				INFOPLIST_FILE = DemoCoreDataTests/Info.plist;
				IPHONEOS_DEPLOYMENT_TARGET = 13.2;
				LD_RUNPATH_SEARCH_PATHS = (
					"$(inherited)",
					"@executable_path/Frameworks",
					"@loader_path/Frameworks",
				);
				PRODUCT_BUNDLE_IDENTIFIER = pTeam.DemoCoreDataTests;
				PRODUCT_NAME = "$(TARGET_NAME)";
				SWIFT_VERSION = 5.0;
				TARGETED_DEVICE_FAMILY = "1,2";
				TEST_HOST = "$(BUILT_PRODUCTS_DIR)/DemoCoreData.app/DemoCoreData";
			};
			name = Debug;
		};
		2CA745FF24267BCD002F80C8 /* Release */ = {
			isa = XCBuildConfiguration;
			buildSettings = {
				ALWAYS_EMBED_SWIFT_STANDARD_LIBRARIES = YES;
				BUNDLE_LOADER = "$(TEST_HOST)";
				CODE_SIGN_STYLE = Automatic;
				INFOPLIST_FILE = DemoCoreDataTests/Info.plist;
				IPHONEOS_DEPLOYMENT_TARGET = 13.2;
				LD_RUNPATH_SEARCH_PATHS = (
					"$(inherited)",
					"@executable_path/Frameworks",
					"@loader_path/Frameworks",
				);
				PRODUCT_BUNDLE_IDENTIFIER = pTeam.DemoCoreDataTests;
				PRODUCT_NAME = "$(TARGET_NAME)";
				SWIFT_VERSION = 5.0;
				TARGETED_DEVICE_FAMILY = "1,2";
				TEST_HOST = "$(BUILT_PRODUCTS_DIR)/DemoCoreData.app/DemoCoreData";
			};
			name = Release;
		};
/* End XCBuildConfiguration section */

/* Begin XCConfigurationList section */
		2CA745D324267BBF002F80C8 /* Build configuration list for PBXProject "DemoCoreData" */ = {
			isa = XCConfigurationList;
			buildConfigurations = (
				2CA745F824267BCD002F80C8 /* Debug */,
				2CA745F924267BCD002F80C8 /* Release */,
			);
			defaultConfigurationIsVisible = 0;
			defaultConfigurationName = Release;
		};
		2CA745FA24267BCD002F80C8 /* Build configuration list for PBXNativeTarget "DemoCoreData" */ = {
			isa = XCConfigurationList;
			buildConfigurations = (
				2CA745FB24267BCD002F80C8 /* Debug */,
				2CA745FC24267BCD002F80C8 /* Release */,
			);
			defaultConfigurationIsVisible = 0;
			defaultConfigurationName = Release;
		};
		2CA745FD24267BCD002F80C8 /* Build configuration list for PBXNativeTarget "DemoCoreDataTests" */ = {
			isa = XCConfigurationList;
			buildConfigurations = (
				2CA745FE24267BCD002F80C8 /* Debug */,
				2CA745FF24267BCD002F80C8 /* Release */,
			);
			defaultConfigurationIsVisible = 0;
			defaultConfigurationName = Release;
		};
/* End XCConfigurationList section */

/* Begin XCVersionGroup section */
		2CA745E424267BC0002F80C8 /* DemoCoreData.xcdatamodeld */ = {
			isa = XCVersionGroup;
			children = (
				2CA745E524267BC0002F80C8 /* DemoCoreData.xcdatamodel */,
			);
			currentVersion = 2CA745E524267BC0002F80C8 /* DemoCoreData.xcdatamodel */;
			path = DemoCoreData.xcdatamodeld;
			sourceTree = "<group>";
			versionGroupType = wrapper.xcdatamodel;
		};
/* End XCVersionGroup section */
	};
	rootObject = 2CA745D024267BBF002F80C8 /* Project object */;
}
